schema: '2.0'
stages:
  train:
    cmd: python train.py
    params:
      params.yaml:
        epochs: 5
        sleep: 3
    outs:
    - path: dvclive/metrics.json
      hash: md5
      md5: 51cdfb31dd9a086764c589815ff54fad
      size: 79
    - path: dvclive/plots
      hash: md5
      md5: d4e584d67ba3cf55532c0574b9d37aa7.dir
      size: 224
      nfiles: 2
