schema: '2.0'
stages:
  train:
    cmd: python train.py
    params:
      params.yaml:
        epochs: 15
        sleep: 3
    outs:
    - path: dvclive/metrics.json
      hash: md5
      md5: e84b0602cb7c93b50bc5cd820098da29
      size: 80
    - path: dvclive/plots
      hash: md5
      md5: 763234e11de3487a817a13a76103587a.dir
      size: 645
      nfiles: 2
